
Microsoft Visual Studio Solution File, Format Version 12.00
# Visual Studio Version 16
VisualStudioVersion = 16.0.31321.278
MinimumVisualStudioVersion = 10.0.40219.1
Project("{FAE04EC0-301F-11D3-BF4B-00C04F79EFBC}") = "descriptografador", "descriptografador.csproj", "{B4CDDEE0-7A23-4741-9749-43BDDAE381A2}"
EndProject
Global
	GlobalSection(SolutionConfigurationPlatforms) = preSolution
		Debug|Any CPU = Debug|Any CPU
		Release|Any CPU = Release|Any CPU
	EndGlobalSection
	GlobalSection(ProjectConfigurationPlatforms) = postSolution
		{B4CDDEE0-7A23-4741-9749-43BDDAE381A2}.Debug|Any CPU.ActiveCfg = Debug|Any CPU
		{B4CDDEE0-7A23-4741-9749-43BDDAE381A2}.Debug|Any CPU.Build.0 = Debug|Any CPU
		{B4CDDEE0-7A23-4741-9749-43BDDAE381A2}.Release|Any CPU.ActiveCfg = Release|Any CPU
		{B4CDDEE0-7A23-4741-9749-43BDDAE381A2}.Release|Any CPU.Build.0 = Release|Any CPU
	EndGlobalSection
	GlobalSection(SolutionProperties) = preSolution
		HideSolutionNode = FALSE
	EndGlobalSection
	GlobalSection(ExtensibilityGlobals) = postSolution
		SolutionGuid = {B79C56F2-8551-4CA9-BC76-7D57D1579361}
	EndGlobalSection
EndGlobal
